
Microsoft Visual Studio Solution File, Format Version 12.00
# Visual Studio 15
VisualStudioVersion = 15.0.28307.271
MinimumVisualStudioVersion = 10.0.40219.1
Project("{8BC9CEB8-8B4A-11D0-8D11-00A0C91BC942}") = "fw", "fw\fw.vcxproj", "{880A7BF4-1C9A-42F5-A421-7325094400E7}"
EndProject
Project("{8BC9CEB8-8B4A-11D0-8D11-00A0C91BC942}") = "play", "play\play.vcxproj", "{A33188A2-32E3-4451-9F5F-D6D60D811C68}"
	ProjectSection(ProjectDependencies) = postProject
		{880A7BF4-1C9A-42F5-A421-7325094400E7} = {880A7BF4-1C9A-42F5-A421-7325094400E7}
	EndProjectSection
EndProject
Project("{8BC9CEB8-8B4A-11D0-8D11-00A0C91BC942}") = "Kernel", "CUDA\CUDA.vcxproj", "{89982815-5F0F-489C-8314-83A5E6614230}"
EndProject
Project("{8BC9CEB8-8B4A-11D0-8D11-00A0C91BC942}") = "TestScan", "Test\Test.vcxproj", "{94CC9926-9200-4A46-BD6B-9204D05AA3D2}"
EndProject
Project("{2150E333-8FDC-42A3-9474-1A3956D46DE8}") = "Test", "Test", "{783FC2C2-858F-4765-98D9-6470CF057195}"
EndProject
Project("{2150E333-8FDC-42A3-9474-1A3956D46DE8}") = "Benchmark", "Benchmark", "{09A281B3-D022-469C-8EEB-1DDD2CA92349}"
EndProject
Project("{8BC9CEB8-8B4A-11D0-8D11-00A0C91BC942}") = "TestPointToLine", "TestPointToLine\TestPointToLine.vcxproj", "{B6F580A7-B564-47F8-9C92-8D61BAABE8C2}"
EndProject
Project("{8BC9CEB8-8B4A-11D0-8D11-00A0C91BC942}") = "TestCompress", "TestCompress\TestCompress.vcxproj", "{8A54B708-9E3A-415E-AC46-069F2DDF0853}"
EndProject
Project("{8BC9CEB8-8B4A-11D0-8D11-00A0C91BC942}") = "TestInterpolation", "TestInterpolation\TestInterpolation.vcxproj", "{FD099E8A-2739-4015-954F-D22199034E17}"
EndProject
Project("{8BC9CEB8-8B4A-11D0-8D11-00A0C91BC942}") = "TestShift", "TestShift\TestShift.vcxproj", "{5A6C0960-6D0D-4806-BC87-A06148D24650}"
EndProject
Project("{8BC9CEB8-8B4A-11D0-8D11-00A0C91BC942}") = "TestArgFirstNoneZero", "TestArgmax\TestArgmax.vcxproj", "{E486AB5F-A264-4F64-AE7C-F0C5F8815602}"
EndProject
Project("{8BC9CEB8-8B4A-11D0-8D11-00A0C91BC942}") = "TestReduce", "TestReduce\TestReduce.vcxproj", "{88306578-1FBD-496B-A6E8-52B5105AAC70}"
EndProject
Project("{8BC9CEB8-8B4A-11D0-8D11-00A0C91BC942}") = "TestFinalPos", "TestFinalPos\TestFinalPos.vcxproj", "{D9121093-BBD1-4797-8EB2-99042F40C432}"
EndProject
Project("{8BC9CEB8-8B4A-11D0-8D11-00A0C91BC942}") = "TestParticleSystemToPoints", "TestParticleSystemToPoints\TestParticleSystemToPoints.vcxproj", "{BC8B3CF9-1C69-4FE8-8C90-BE88E9268E1E}"
EndProject
Project("{8BC9CEB8-8B4A-11D0-8D11-00A0C91BC942}") = "TestFill", "TestFill\TestFill.vcxproj", "{5F75E9D3-46D7-4F43-8DEC-1C42AC2C8390}"
EndProject
Global
	GlobalSection(SolutionConfigurationPlatforms) = preSolution
		Debug|x64 = Debug|x64
		Debug|x86 = Debug|x86
		Release|x64 = Release|x64
		Release|x86 = Release|x86
	EndGlobalSection
	GlobalSection(ProjectConfigurationPlatforms) = postSolution
		{880A7BF4-1C9A-42F5-A421-7325094400E7}.Debug|x64.ActiveCfg = Debug|x64
		{880A7BF4-1C9A-42F5-A421-7325094400E7}.Debug|x64.Build.0 = Debug|x64
		{880A7BF4-1C9A-42F5-A421-7325094400E7}.Debug|x86.ActiveCfg = Debug|Win32
		{880A7BF4-1C9A-42F5-A421-7325094400E7}.Debug|x86.Build.0 = Debug|Win32
		{880A7BF4-1C9A-42F5-A421-7325094400E7}.Release|x64.ActiveCfg = Release|x64
		{880A7BF4-1C9A-42F5-A421-7325094400E7}.Release|x64.Build.0 = Release|x64
		{880A7BF4-1C9A-42F5-A421-7325094400E7}.Release|x86.ActiveCfg = Release|Win32
		{880A7BF4-1C9A-42F5-A421-7325094400E7}.Release|x86.Build.0 = Release|Win32
		{A33188A2-32E3-4451-9F5F-D6D60D811C68}.Debug|x64.ActiveCfg = Debug|x64
		{A33188A2-32E3-4451-9F5F-D6D60D811C68}.Debug|x64.Build.0 = Debug|x64
		{A33188A2-32E3-4451-9F5F-D6D60D811C68}.Debug|x86.ActiveCfg = Debug|Win32
		{A33188A2-32E3-4451-9F5F-D6D60D811C68}.Debug|x86.Build.0 = Debug|Win32
		{A33188A2-32E3-4451-9F5F-D6D60D811C68}.Release|x64.ActiveCfg = Release|x64
		{A33188A2-32E3-4451-9F5F-D6D60D811C68}.Release|x64.Build.0 = Release|x64
		{A33188A2-32E3-4451-9F5F-D6D60D811C68}.Release|x86.ActiveCfg = Release|Win32
		{A33188A2-32E3-4451-9F5F-D6D60D811C68}.Release|x86.Build.0 = Release|Win32
		{89982815-5F0F-489C-8314-83A5E6614230}.Debug|x64.ActiveCfg = Debug|x64
		{89982815-5F0F-489C-8314-83A5E6614230}.Debug|x64.Build.0 = Debug|x64
		{89982815-5F0F-489C-8314-83A5E6614230}.Debug|x86.ActiveCfg = Debug|x64
		{89982815-5F0F-489C-8314-83A5E6614230}.Release|x64.ActiveCfg = Release|x64
		{89982815-5F0F-489C-8314-83A5E6614230}.Release|x64.Build.0 = Release|x64
		{89982815-5F0F-489C-8314-83A5E6614230}.Release|x86.ActiveCfg = Release|x64
		{94CC9926-9200-4A46-BD6B-9204D05AA3D2}.Debug|x64.ActiveCfg = Debug|x64
		{94CC9926-9200-4A46-BD6B-9204D05AA3D2}.Debug|x64.Build.0 = Debug|x64
		{94CC9926-9200-4A46-BD6B-9204D05AA3D2}.Debug|x86.ActiveCfg = Debug|Win32
		{94CC9926-9200-4A46-BD6B-9204D05AA3D2}.Debug|x86.Build.0 = Debug|Win32
		{94CC9926-9200-4A46-BD6B-9204D05AA3D2}.Release|x64.ActiveCfg = Release|x64
		{94CC9926-9200-4A46-BD6B-9204D05AA3D2}.Release|x64.Build.0 = Release|x64
		{94CC9926-9200-4A46-BD6B-9204D05AA3D2}.Release|x86.ActiveCfg = Release|Win32
		{94CC9926-9200-4A46-BD6B-9204D05AA3D2}.Release|x86.Build.0 = Release|Win32
		{B6F580A7-B564-47F8-9C92-8D61BAABE8C2}.Debug|x64.ActiveCfg = Debug|x64
		{B6F580A7-B564-47F8-9C92-8D61BAABE8C2}.Debug|x64.Build.0 = Debug|x64
		{B6F580A7-B564-47F8-9C92-8D61BAABE8C2}.Debug|x86.ActiveCfg = Debug|Win32
		{B6F580A7-B564-47F8-9C92-8D61BAABE8C2}.Debug|x86.Build.0 = Debug|Win32
		{B6F580A7-B564-47F8-9C92-8D61BAABE8C2}.Release|x64.ActiveCfg = Release|x64
		{B6F580A7-B564-47F8-9C92-8D61BAABE8C2}.Release|x64.Build.0 = Release|x64
		{B6F580A7-B564-47F8-9C92-8D61BAABE8C2}.Release|x86.ActiveCfg = Release|Win32
		{B6F580A7-B564-47F8-9C92-8D61BAABE8C2}.Release|x86.Build.0 = Release|Win32
		{8A54B708-9E3A-415E-AC46-069F2DDF0853}.Debug|x64.ActiveCfg = Debug|x64
		{8A54B708-9E3A-415E-AC46-069F2DDF0853}.Debug|x64.Build.0 = Debug|x64
		{8A54B708-9E3A-415E-AC46-069F2DDF0853}.Debug|x86.ActiveCfg = Debug|Win32
		{8A54B708-9E3A-415E-AC46-069F2DDF0853}.Debug|x86.Build.0 = Debug|Win32
		{8A54B708-9E3A-415E-AC46-069F2DDF0853}.Release|x64.ActiveCfg = Release|x64
		{8A54B708-9E3A-415E-AC46-069F2DDF0853}.Release|x64.Build.0 = Release|x64
		{8A54B708-9E3A-415E-AC46-069F2DDF0853}.Release|x86.ActiveCfg = Release|Win32
		{8A54B708-9E3A-415E-AC46-069F2DDF0853}.Release|x86.Build.0 = Release|Win32
		{FD099E8A-2739-4015-954F-D22199034E17}.Debug|x64.ActiveCfg = Debug|x64
		{FD099E8A-2739-4015-954F-D22199034E17}.Debug|x64.Build.0 = Debug|x64
		{FD099E8A-2739-4015-954F-D22199034E17}.Debug|x86.ActiveCfg = Debug|Win32
		{FD099E8A-2739-4015-954F-D22199034E17}.Debug|x86.Build.0 = Debug|Win32
		{FD099E8A-2739-4015-954F-D22199034E17}.Release|x64.ActiveCfg = Release|x64
		{FD099E8A-2739-4015-954F-D22199034E17}.Release|x64.Build.0 = Release|x64
		{FD099E8A-2739-4015-954F-D22199034E17}.Release|x86.ActiveCfg = Release|Win32
		{FD099E8A-2739-4015-954F-D22199034E17}.Release|x86.Build.0 = Release|Win32
		{5A6C0960-6D0D-4806-BC87-A06148D24650}.Debug|x64.ActiveCfg = Debug|x64
		{5A6C0960-6D0D-4806-BC87-A06148D24650}.Debug|x64.Build.0 = Debug|x64
		{5A6C0960-6D0D-4806-BC87-A06148D24650}.Debug|x86.ActiveCfg = Debug|Win32
		{5A6C0960-6D0D-4806-BC87-A06148D24650}.Debug|x86.Build.0 = Debug|Win32
		{5A6C0960-6D0D-4806-BC87-A06148D24650}.Release|x64.ActiveCfg = Release|x64
		{5A6C0960-6D0D-4806-BC87-A06148D24650}.Release|x64.Build.0 = Release|x64
		{5A6C0960-6D0D-4806-BC87-A06148D24650}.Release|x86.ActiveCfg = Release|Win32
		{5A6C0960-6D0D-4806-BC87-A06148D24650}.Release|x86.Build.0 = Release|Win32
		{E486AB5F-A264-4F64-AE7C-F0C5F8815602}.Debug|x64.ActiveCfg = Debug|x64
		{E486AB5F-A264-4F64-AE7C-F0C5F8815602}.Debug|x64.Build.0 = Debug|x64
		{E486AB5F-A264-4F64-AE7C-F0C5F8815602}.Debug|x86.ActiveCfg = Debug|Win32
		{E486AB5F-A264-4F64-AE7C-F0C5F8815602}.Debug|x86.Build.0 = Debug|Win32
		{E486AB5F-A264-4F64-AE7C-F0C5F8815602}.Release|x64.ActiveCfg = Release|x64
		{E486AB5F-A264-4F64-AE7C-F0C5F8815602}.Release|x64.Build.0 = Release|x64
		{E486AB5F-A264-4F64-AE7C-F0C5F8815602}.Release|x86.ActiveCfg = Release|Win32
		{E486AB5F-A264-4F64-AE7C-F0C5F8815602}.Release|x86.Build.0 = Release|Win32
		{88306578-1FBD-496B-A6E8-52B5105AAC70}.Debug|x64.ActiveCfg = Debug|x64
		{88306578-1FBD-496B-A6E8-52B5105AAC70}.Debug|x64.Build.0 = Debug|x64
		{88306578-1FBD-496B-A6E8-52B5105AAC70}.Debug|x86.ActiveCfg = Debug|Win32
		{88306578-1FBD-496B-A6E8-52B5105AAC70}.Debug|x86.Build.0 = Debug|Win32
		{88306578-1FBD-496B-A6E8-52B5105AAC70}.Release|x64.ActiveCfg = Release|x64
		{88306578-1FBD-496B-A6E8-52B5105AAC70}.Release|x64.Build.0 = Release|x64
		{88306578-1FBD-496B-A6E8-52B5105AAC70}.Release|x86.ActiveCfg = Release|Win32
		{88306578-1FBD-496B-A6E8-52B5105AAC70}.Release|x86.Build.0 = Release|Win32
		{D9121093-BBD1-4797-8EB2-99042F40C432}.Debug|x64.ActiveCfg = Debug|x64
		{D9121093-BBD1-4797-8EB2-99042F40C432}.Debug|x64.Build.0 = Debug|x64
		{D9121093-BBD1-4797-8EB2-99042F40C432}.Debug|x86.ActiveCfg = Debug|Win32
		{D9121093-BBD1-4797-8EB2-99042F40C432}.Debug|x86.Build.0 = Debug|Win32
		{D9121093-BBD1-4797-8EB2-99042F40C432}.Release|x64.ActiveCfg = Release|x64
		{D9121093-BBD1-4797-8EB2-99042F40C432}.Release|x64.Build.0 = Release|x64
		{D9121093-BBD1-4797-8EB2-99042F40C432}.Release|x86.ActiveCfg = Release|Win32
		{D9121093-BBD1-4797-8EB2-99042F40C432}.Release|x86.Build.0 = Release|Win32
		{BC8B3CF9-1C69-4FE8-8C90-BE88E9268E1E}.Debug|x64.ActiveCfg = Debug|x64
		{BC8B3CF9-1C69-4FE8-8C90-BE88E9268E1E}.Debug|x64.Build.0 = Debug|x64
		{BC8B3CF9-1C69-4FE8-8C90-BE88E9268E1E}.Debug|x86.ActiveCfg = Debug|Win32
		{BC8B3CF9-1C69-4FE8-8C90-BE88E9268E1E}.Debug|x86.Build.0 = Debug|Win32
		{BC8B3CF9-1C69-4FE8-8C90-BE88E9268E1E}.Release|x64.ActiveCfg = Release|x64
		{BC8B3CF9-1C69-4FE8-8C90-BE88E9268E1E}.Release|x64.Build.0 = Release|x64
		{BC8B3CF9-1C69-4FE8-8C90-BE88E9268E1E}.Release|x86.ActiveCfg = Release|Win32
		{BC8B3CF9-1C69-4FE8-8C90-BE88E9268E1E}.Release|x86.Build.0 = Release|Win32
		{5F75E9D3-46D7-4F43-8DEC-1C42AC2C8390}.Debug|x64.ActiveCfg = Debug|x64
		{5F75E9D3-46D7-4F43-8DEC-1C42AC2C8390}.Debug|x64.Build.0 = Debug|x64
		{5F75E9D3-46D7-4F43-8DEC-1C42AC2C8390}.Debug|x86.ActiveCfg = Debug|Win32
		{5F75E9D3-46D7-4F43-8DEC-1C42AC2C8390}.Debug|x86.Build.0 = Debug|Win32
		{5F75E9D3-46D7-4F43-8DEC-1C42AC2C8390}.Release|x64.ActiveCfg = Release|x64
		{5F75E9D3-46D7-4F43-8DEC-1C42AC2C8390}.Release|x64.Build.0 = Release|x64
		{5F75E9D3-46D7-4F43-8DEC-1C42AC2C8390}.Release|x86.ActiveCfg = Release|Win32
		{5F75E9D3-46D7-4F43-8DEC-1C42AC2C8390}.Release|x86.Build.0 = Release|Win32
	EndGlobalSection
	GlobalSection(SolutionProperties) = preSolution
		HideSolutionNode = FALSE
	EndGlobalSection
	GlobalSection(NestedProjects) = preSolution
		{94CC9926-9200-4A46-BD6B-9204D05AA3D2} = {783FC2C2-858F-4765-98D9-6470CF057195}
		{B6F580A7-B564-47F8-9C92-8D61BAABE8C2} = {783FC2C2-858F-4765-98D9-6470CF057195}
		{8A54B708-9E3A-415E-AC46-069F2DDF0853} = {783FC2C2-858F-4765-98D9-6470CF057195}
		{FD099E8A-2739-4015-954F-D22199034E17} = {783FC2C2-858F-4765-98D9-6470CF057195}
		{5A6C0960-6D0D-4806-BC87-A06148D24650} = {783FC2C2-858F-4765-98D9-6470CF057195}
		{E486AB5F-A264-4F64-AE7C-F0C5F8815602} = {783FC2C2-858F-4765-98D9-6470CF057195}
		{88306578-1FBD-496B-A6E8-52B5105AAC70} = {783FC2C2-858F-4765-98D9-6470CF057195}
		{D9121093-BBD1-4797-8EB2-99042F40C432} = {783FC2C2-858F-4765-98D9-6470CF057195}
		{BC8B3CF9-1C69-4FE8-8C90-BE88E9268E1E} = {783FC2C2-858F-4765-98D9-6470CF057195}
		{5F75E9D3-46D7-4F43-8DEC-1C42AC2C8390} = {783FC2C2-858F-4765-98D9-6470CF057195}
	EndGlobalSection
	GlobalSection(ExtensibilityGlobals) = postSolution
		SolutionGuid = {0CD8E2EA-5FF6-46B1-AB20-D8F20AD0503F}
	EndGlobalSection
EndGlobal
